
Microsoft Visual Studio Solution File, Format Version 12.00
# Visual Studio 15
VisualStudioVersion = 15.0.27004.2006
MinimumVisualStudioVersion = 10.0.40219.1
Project("{F184B08F-C81C-45F6-A57F-5ABD9991F28F}") = "AddeSentinela", "AddeServidor\AddeSentinela.vbproj", "{3FB981CC-9265-42FE-83A6-B06DD5837CAE}"
EndProject
Global
	GlobalSection(SolutionConfigurationPlatforms) = preSolution
		Debug|Any CPU = Debug|Any CPU
		Release|Any CPU = Release|Any CPU
	EndGlobalSection
	GlobalSection(ProjectConfigurationPlatforms) = postSolution
		{3FB981CC-9265-42FE-83A6-B06DD5837CAE}.Debug|Any CPU.ActiveCfg = Debug|Any CPU
		{3FB981CC-9265-42FE-83A6-B06DD5837CAE}.Debug|Any CPU.Build.0 = Debug|Any CPU
		{3FB981CC-9265-42FE-83A6-B06DD5837CAE}.Release|Any CPU.ActiveCfg = Release|Any CPU
		{3FB981CC-9265-42FE-83A6-B06DD5837CAE}.Release|Any CPU.Build.0 = Release|Any CPU
	EndGlobalSection
	GlobalSection(SolutionProperties) = preSolution
		HideSolutionNode = FALSE
	EndGlobalSection
	GlobalSection(ExtensibilityGlobals) = postSolution
		SolutionGuid = {A9CE3AAD-58FB-407B-BBF9-2D93654D1195}
	EndGlobalSection
EndGlobal
